{
    "_readme": [
        "This file locks the dependencies of your project to a known state",
        "Read more about it at https://getcomposer.org/doc/01-basic-usage.md#composer-lock-the-lock-file",
        "This file is @generated automatically"
    ],
    "hash": "a78f1d08507bb7bc3fcade2b1450824e",
    "content-hash": "e81d273c5ffa93ed74fd2cb2e0c2570c",
    "packages": [
        {
            "name": "rmccue/requests",
            "version": "v1.6.1",
            "source": {
                "type": "git",
                "url": "https://github.com/rmccue/Requests.git",
                "reference": "6aac485666c2955077d77b796bbdd25f0013a4ea"
            },
            "dist": {
                "type": "zip",
                "url": "https://api.github.com/repos/rmccue/Requests/zipball/6aac485666c2955077d77b796bbdd25f0013a4ea",
                "reference": "6aac485666c2955077d77b796bbdd25f0013a4ea",
                "shasum": ""
            },
            "require": {
                "php": ">=5.2"
            },
            "require-dev": {
                "satooshi/php-coveralls": "dev-master"
            },
            "type": "library",
            "autoload": {
                "psr-0": {
                    "Requests": "library/"
                }
            },
            "notification-url": "https://packagist.org/downloads/",
            "license": [
                "ISC"
            ],
            "authors": [
                {
                    "name": "Ryan McCue",
                    "homepage": "http://ryanmccue.info"
                }
            ],
            "description": "A HTTP library written in PHP, for human beings.",
            "homepage": "http://github.com/rmccue/Requests",
            "keywords": [
                "curl",
                "fsockopen",
                "http",
                "idna",
                "ipv6",
                "iri",
                "sockets"
            ],
            "time": "2014-05-18 04:59:02"
        },
        {
            "name": "unificationengine/ue-php-sdk",
            "version": "dev-master",
            "source": {
                "type": "git",
                "url": "https://github.com/unifiedinbox/ue-php-sdk.git",
                "reference": "417b3e2582ac55688997d0d03f319cafc6a0fc3f"
            },
            "dist": {
                "type": "zip",
                "url": "https://api.github.com/repos/unifiedinbox/ue-php-sdk/zipball/417b3e2582ac55688997d0d03f319cafc6a0fc3f",
                "reference": "417b3e2582ac55688997d0d03f319cafc6a0fc3f",
                "shasum": ""
            },
            "require": {
                "rmccue/requests": ">=1.0"
            },
            "type": "library",
            "autoload": {
                "psr-0": {
                    "UnificationEngine": "lib"
                }
            },
            "notification-url": "https://packagist.org/downloads/",
            "authors": [
                {
                    "name": "Hossam Saraya",
                    "email": "hossam.saraya@gmail.com"
                }
            ],
            "description": "UnificationEngine PHP SDK",
            "time": "2016-03-28 10:49:26"
        }
    ],
    "packages-dev": [],
    "aliases": [],
    "minimum-stability": "stable",
    "stability-flags": {
        "unificationengine/ue-php-sdk": 20
    },
    "prefer-stable": false,
    "prefer-lowest": false,
    "platform": [],
    "platform-dev": []
}
